// !$*UTF8*$!
{
	archiveVersion = 1;
	classes = {
	};
	objectVersion = 46;
	objects = {

/* Begin PBXBuildFile section */
		400CA7D51B9F5D7C00C177E6 /* TMXMap.cpp in Sources */ = {isa = PBXBuildFile; fileRef = 400CA7CB1B9F5D7C00C177E6 /* TMXMap.cpp */; };
		400CA7D61B9F5D7C00C177E6 /* TMXTile.cpp in Sources */ = {isa = PBXBuildFile; fileRef = 400CA7CD1B9F5D7C00C177E6 /* TMXTile.cpp */; };
		400CA7D71B9F5D7C00C177E6 /* TMXTileLayer.cpp in Sources */ = {isa = PBXBuildFile; fileRef = 400CA7CF1B9F5D7C00C177E6 /* TMXTileLayer.cpp */; };
		400CA7D81B9F5D7C00C177E6 /* TMXTileSet.cpp in Sources */ = {isa = PBXBuildFile; fileRef = 400CA7D11B9F5D7C00C177E6 /* TMXTileSet.cpp */; };
		400CA7D91B9F5D7C00C177E6 /* TMXLoader.cpp in Sources */ = {isa = PBXBuildFile; fileRef = 400CA7D31B9F5D7C00C177E6 /* TMXLoader.cpp */; };
		4085673B1B9CDB7800733B9E /* main.cpp in Sources */ = {isa = PBXBuildFile; fileRef = 4085673A1B9CDB7800733B9E /* main.cpp */; };
		408567421B9CDC0E00733B9E /* SDL2.framework in Frameworks */ = {isa = PBXBuildFile; fileRef = 408567411B9CDC0E00733B9E /* SDL2.framework */; };
		408567441B9F4B2300733B9E /* SDL2_image.framework in Frameworks */ = {isa = PBXBuildFile; fileRef = 408567431B9F4B2300733B9E /* SDL2_image.framework */; };
/* End PBXBuildFile section */

/* Begin PBXCopyFilesBuildPhase section */
		408567351B9CDB7800733B9E /* CopyFiles */ = {
			isa = PBXCopyFilesBuildPhase;
			buildActionMask = 2147483647;
			dstPath = /usr/share/man/man1/;
			dstSubfolderSpec = 0;
			files = (
			);
			runOnlyForDeploymentPostprocessing = 1;
		};
/* End PBXCopyFilesBuildPhase section */

/* Begin PBXFileReference section */
		400CA7CB1B9F5D7C00C177E6 /* TMXMap.cpp */ = {isa = PBXFileReference; fileEncoding = 4; lastKnownFileType = sourcecode.cpp.cpp; path = TMXMap.cpp; sourceTree = "<group>"; };
		400CA7CC1B9F5D7C00C177E6 /* TMXMap.h */ = {isa = PBXFileReference; fileEncoding = 4; lastKnownFileType = sourcecode.c.h; path = TMXMap.h; sourceTree = "<group>"; };
		400CA7CD1B9F5D7C00C177E6 /* TMXTile.cpp */ = {isa = PBXFileReference; fileEncoding = 4; lastKnownFileType = sourcecode.cpp.cpp; path = TMXTile.cpp; sourceTree = "<group>"; };
		400CA7CE1B9F5D7C00C177E6 /* TMXTile.h */ = {isa = PBXFileReference; fileEncoding = 4; lastKnownFileType = sourcecode.c.h; path = TMXTile.h; sourceTree = "<group>"; };
		400CA7CF1B9F5D7C00C177E6 /* TMXTileLayer.cpp */ = {isa = PBXFileReference; fileEncoding = 4; lastKnownFileType = sourcecode.cpp.cpp; path = TMXTileLayer.cpp; sourceTree = "<group>"; };
		400CA7D01B9F5D7C00C177E6 /* TMXTileLayer.h */ = {isa = PBXFileReference; fileEncoding = 4; lastKnownFileType = sourcecode.c.h; path = TMXTileLayer.h; sourceTree = "<group>"; };
		400CA7D11B9F5D7C00C177E6 /* TMXTileSet.cpp */ = {isa = PBXFileReference; fileEncoding = 4; lastKnownFileType = sourcecode.cpp.cpp; path = TMXTileSet.cpp; sourceTree = "<group>"; };
		400CA7D21B9F5D7C00C177E6 /* TMXTileSet.h */ = {isa = PBXFileReference; fileEncoding = 4; lastKnownFileType = sourcecode.c.h; path = TMXTileSet.h; sourceTree = "<group>"; };
		400CA7D31B9F5D7C00C177E6 /* TMXLoader.cpp */ = {isa = PBXFileReference; fileEncoding = 4; lastKnownFileType = sourcecode.cpp.cpp; path = TMXLoader.cpp; sourceTree = "<group>"; };
		400CA7D41B9F5D7C00C177E6 /* TMXLoader.h */ = {isa = PBXFileReference; fileEncoding = 4; lastKnownFileType = sourcecode.c.h; path = TMXLoader.h; sourceTree = "<group>"; };
		400CA7DB1B9F65F800C177E6 /* license.txt */ = {isa = PBXFileReference; fileEncoding = 4; lastKnownFileType = text; path = license.txt; sourceTree = "<group>"; };
		400CA7DC1B9F65F800C177E6 /* manual.html */ = {isa = PBXFileReference; fileEncoding = 4; lastKnownFileType = text.html; path = manual.html; sourceTree = "<group>"; };
		400CA7DD1B9F65F800C177E6 /* rapidxml.hpp */ = {isa = PBXFileReference; fileEncoding = 4; lastKnownFileType = sourcecode.cpp.h; path = rapidxml.hpp; sourceTree = "<group>"; };
		400CA7DE1B9F65F800C177E6 /* rapidxml_iterators.hpp */ = {isa = PBXFileReference; fileEncoding = 4; lastKnownFileType = sourcecode.cpp.h; path = rapidxml_iterators.hpp; sourceTree = "<group>"; };
		400CA7DF1B9F65F800C177E6 /* rapidxml_print.hpp */ = {isa = PBXFileReference; fileEncoding = 4; lastKnownFileType = sourcecode.cpp.h; path = rapidxml_print.hpp; sourceTree = "<group>"; };
		400CA7E01B9F65F800C177E6 /* rapidxml_utils.hpp */ = {isa = PBXFileReference; fileEncoding = 4; lastKnownFileType = sourcecode.cpp.h; path = rapidxml_utils.hpp; sourceTree = "<group>"; };
		408567371B9CDB7800733B9E /* TMXLoader */ = {isa = PBXFileReference; explicitFileType = "compiled.mach-o.executable"; includeInIndex = 0; path = TMXLoader; sourceTree = BUILT_PRODUCTS_DIR; };
		4085673A1B9CDB7800733B9E /* main.cpp */ = {isa = PBXFileReference; lastKnownFileType = sourcecode.cpp.cpp; path = main.cpp; sourceTree = "<group>"; };
		408567411B9CDC0E00733B9E /* SDL2.framework */ = {isa = PBXFileReference; lastKnownFileType = wrapper.framework; name = SDL2.framework; path = ../../../../Library/Frameworks/SDL2.framework; sourceTree = "<group>"; };
		408567431B9F4B2300733B9E /* SDL2_image.framework */ = {isa = PBXFileReference; lastKnownFileType = wrapper.framework; name = SDL2_image.framework; path = ../../../../Library/Frameworks/SDL2_image.framework; sourceTree = "<group>"; };
/* End PBXFileReference section */

/* Begin PBXFrameworksBuildPhase section */
		408567341B9CDB7800733B9E /* Frameworks */ = {
			isa = PBXFrameworksBuildPhase;
			buildActionMask = 2147483647;
			files = (
				408567441B9F4B2300733B9E /* SDL2_image.framework in Frameworks */,
				408567421B9CDC0E00733B9E /* SDL2.framework in Frameworks */,
			);
			runOnlyForDeploymentPostprocessing = 0;
		};
/* End PBXFrameworksBuildPhase section */

/* Begin PBXGroup section */
		400CA7CA1B9F5D7C00C177E6 /* Levels */ = {
			isa = PBXGroup;
			children = (
				400CA7CB1B9F5D7C00C177E6 /* TMXMap.cpp */,
				400CA7CC1B9F5D7C00C177E6 /* TMXMap.h */,
				400CA7CD1B9F5D7C00C177E6 /* TMXTile.cpp */,
				400CA7CE1B9F5D7C00C177E6 /* TMXTile.h */,
				400CA7CF1B9F5D7C00C177E6 /* TMXTileLayer.cpp */,
				400CA7D01B9F5D7C00C177E6 /* TMXTileLayer.h */,
				400CA7D11B9F5D7C00C177E6 /* TMXTileSet.cpp */,
				400CA7D21B9F5D7C00C177E6 /* TMXTileSet.h */,
			);
			path = Levels;
			sourceTree = "<group>";
		};
		400CA7DA1B9F65F800C177E6 /* RapidXML */ = {
			isa = PBXGroup;
			children = (
				400CA7DB1B9F65F800C177E6 /* license.txt */,
				400CA7DC1B9F65F800C177E6 /* manual.html */,
				400CA7DD1B9F65F800C177E6 /* rapidxml.hpp */,
				400CA7DE1B9F65F800C177E6 /* rapidxml_iterators.hpp */,
				400CA7DF1B9F65F800C177E6 /* rapidxml_print.hpp */,
				400CA7E01B9F65F800C177E6 /* rapidxml_utils.hpp */,
			);
			name = RapidXML;
			path = TMXLoader/RapidXML;
			sourceTree = SOURCE_ROOT;
		};
		4085672E1B9CDB7800733B9E = {
			isa = PBXGroup;
			children = (
				408567431B9F4B2300733B9E /* SDL2_image.framework */,
				408567411B9CDC0E00733B9E /* SDL2.framework */,
				408567391B9CDB7800733B9E /* TMXLoader */,
				408567381B9CDB7800733B9E /* Products */,
			);
			sourceTree = "<group>";
		};
		408567381B9CDB7800733B9E /* Products */ = {
			isa = PBXGroup;
			children = (
				408567371B9CDB7800733B9E /* TMXLoader */,
			);
			name = Products;
			sourceTree = "<group>";
		};
		408567391B9CDB7800733B9E /* TMXLoader */ = {
			isa = PBXGroup;
			children = (
				400CA7DA1B9F65F800C177E6 /* RapidXML */,
				400CA7CA1B9F5D7C00C177E6 /* Levels */,
				400CA7D31B9F5D7C00C177E6 /* TMXLoader.cpp */,
				400CA7D41B9F5D7C00C177E6 /* TMXLoader.h */,
				4085673A1B9CDB7800733B9E /* main.cpp */,
			);
			path = TMXLoader;
			sourceTree = "<group>";
		};
/* End PBXGroup section */

/* Begin PBXNativeTarget section */
		408567361B9CDB7800733B9E /* TMXLoader */ = {
			isa = PBXNativeTarget;
			buildConfigurationList = 4085673E1B9CDB7800733B9E /* Build configuration list for PBXNativeTarget "TMXLoader" */;
			buildPhases = (
				408567331B9CDB7800733B9E /* Sources */,
				408567341B9CDB7800733B9E /* Frameworks */,
				408567351B9CDB7800733B9E /* CopyFiles */,
			);
			buildRules = (
			);
			dependencies = (
			);
			name = TMXLoader;
			productName = TMXLoader;
			productReference = 408567371B9CDB7800733B9E /* TMXLoader */;
			productType = "com.apple.product-type.tool";
		};
/* End PBXNativeTarget section */

/* Begin PBXProject section */
		4085672F1B9CDB7800733B9E /* Project object */ = {
			isa = PBXProject;
			attributes = {
				CLASSPREFIX = "";
				LastUpgradeCheck = 0700;
				ORGANIZATIONNAME = "Martin Grant";
				TargetAttributes = {
					408567361B9CDB7800733B9E = {
						CreatedOnToolsVersion = 6.4;
					};
				};
			};
			buildConfigurationList = 408567321B9CDB7800733B9E /* Build configuration list for PBXProject "TMXLoader" */;
			compatibilityVersion = "Xcode 3.2";
			developmentRegion = English;
			hasScannedForEncodings = 0;
			knownRegions = (
				en,
			);
			mainGroup = 4085672E1B9CDB7800733B9E;
			productRefGroup = 408567381B9CDB7800733B9E /* Products */;
			projectDirPath = "";
			projectRoot = "";
			targets = (
				408567361B9CDB7800733B9E /* TMXLoader */,
			);
		};
/* End PBXProject section */

/* Begin PBXSourcesBuildPhase section */
		408567331B9CDB7800733B9E /* Sources */ = {
			isa = PBXSourcesBuildPhase;
			buildActionMask = 2147483647;
			files = (
				400CA7D91B9F5D7C00C177E6 /* TMXLoader.cpp in Sources */,
				400CA7D51B9F5D7C00C177E6 /* TMXMap.cpp in Sources */,
				400CA7D71B9F5D7C00C177E6 /* TMXTileLayer.cpp in Sources */,
				400CA7D81B9F5D7C00C177E6 /* TMXTileSet.cpp in Sources */,
				4085673B1B9CDB7800733B9E /* main.cpp in Sources */,
				400CA7D61B9F5D7C00C177E6 /* TMXTile.cpp in Sources */,
			);
			runOnlyForDeploymentPostprocessing = 0;
		};
/* End PBXSourcesBuildPhase section */

/* Begin XCBuildConfiguration section */
		4085673C1B9CDB7800733B9E /* Debug */ = {
			isa = XCBuildConfiguration;
			buildSettings = {
				ALWAYS_SEARCH_USER_PATHS = NO;
				CLANG_CXX_LANGUAGE_STANDARD = "gnu++0x";
				CLANG_CXX_LIBRARY = "libc++";
				CLANG_ENABLE_MODULES = YES;
				CLANG_ENABLE_OBJC_ARC = YES;
				CLANG_WARN_BOOL_CONVERSION = YES;
				CLANG_WARN_CONSTANT_CONVERSION = YES;
				CLANG_WARN_DIRECT_OBJC_ISA_USAGE = YES_ERROR;
				CLANG_WARN_EMPTY_BODY = YES;
				CLANG_WARN_ENUM_CONVERSION = YES;
				CLANG_WARN_INT_CONVERSION = YES;
				CLANG_WARN_OBJC_ROOT_CLASS = YES_ERROR;
				CLANG_WARN_UNREACHABLE_CODE = YES;
				CLANG_WARN__DUPLICATE_METHOD_MATCH = YES;
				COPY_PHASE_STRIP = NO;
				DEBUG_INFORMATION_FORMAT = dwarf;
				ENABLE_STRICT_OBJC_MSGSEND = YES;
				ENABLE_TESTABILITY = YES;
				GCC_C_LANGUAGE_STANDARD = gnu99;
				GCC_DYNAMIC_NO_PIC = NO;
				GCC_NO_COMMON_BLOCKS = YES;
				GCC_OPTIMIZATION_LEVEL = 0;
				GCC_PREPROCESSOR_DEFINITIONS = (
					"DEBUG=1",
					"$(inherited)",
				);
				GCC_SYMBOLS_PRIVATE_EXTERN = NO;
				GCC_WARN_64_TO_32_BIT_CONVERSION = YES;
				GCC_WARN_ABOUT_RETURN_TYPE = YES_ERROR;
				GCC_WARN_UNDECLARED_SELECTOR = YES;
				GCC_WARN_UNINITIALIZED_AUTOS = YES_AGGRESSIVE;
				GCC_WARN_UNUSED_FUNCTION = YES;
				GCC_WARN_UNUSED_VARIABLE = YES;
				MACOSX_DEPLOYMENT_TARGET = 10.10;
				MTL_ENABLE_DEBUG_INFO = YES;
				ONLY_ACTIVE_ARCH = YES;
				SDKROOT = macosx;
			};
			name = Debug;
		};
		4085673D1B9CDB7800733B9E /* Release */ = {
			isa = XCBuildConfiguration;
			buildSettings = {
				ALWAYS_SEARCH_USER_PATHS = NO;
				CLANG_CXX_LANGUAGE_STANDARD = "gnu++0x";
				CLANG_CXX_LIBRARY = "libc++";
				CLANG_ENABLE_MODULES = YES;
				CLANG_ENABLE_OBJC_ARC = YES;
				CLANG_WARN_BOOL_CONVERSION = YES;
				CLANG_WARN_CONSTANT_CONVERSION = YES;
				CLANG_WARN_DIRECT_OBJC_ISA_USAGE = YES_ERROR;
				CLANG_WARN_EMPTY_BODY = YES;
				CLANG_WARN_ENUM_CONVERSION = YES;
				CLANG_WARN_INT_CONVERSION = YES;
				CLANG_WARN_OBJC_ROOT_CLASS = YES_ERROR;
				CLANG_WARN_UNREACHABLE_CODE = YES;
				CLANG_WARN__DUPLICATE_METHOD_MATCH = YES;
				COPY_PHASE_STRIP = NO;
				DEBUG_INFORMATION_FORMAT = "dwarf-with-dsym";
				ENABLE_NS_ASSERTIONS = NO;
				ENABLE_STRICT_OBJC_MSGSEND = YES;
				GCC_C_LANGUAGE_STANDARD = gnu99;
				GCC_NO_COMMON_BLOCKS = YES;
				GCC_WARN_64_TO_32_BIT_CONVERSION = YES;
				GCC_WARN_ABOUT_RETURN_TYPE = YES_ERROR;
				GCC_WARN_UNDECLARED_SELECTOR = YES;
				GCC_WARN_UNINITIALIZED_AUTOS = YES_AGGRESSIVE;
				GCC_WARN_UNUSED_FUNCTION = YES;
				GCC_WARN_UNUSED_VARIABLE = YES;
				MACOSX_DEPLOYMENT_TARGET = 10.10;
				MTL_ENABLE_DEBUG_INFO = NO;
				SDKROOT = macosx;
			};
			name = Release;
		};
		4085673F1B9CDB7800733B9E /* Debug */ = {
			isa = XCBuildConfiguration;
			buildSettings = {
				ALWAYS_SEARCH_USER_PATHS = YES;
				FRAMEWORK_SEARCH_PATHS = (
					"$(inherited)",
					"$(LOCAL_LIBRARY_DIR)/Frameworks",
				);
				HEADER_SEARCH_PATHS = (
					"$(inherited)",
					/Applications/Xcode.app/Contents/Developer/Toolchains/XcodeDefault.xctoolchain/usr/include,
					/usr/include/,
				);
				LIBRARY_SEARCH_PATHS = /usr/lib/;
				PRODUCT_NAME = "$(TARGET_NAME)";
			};
			name = Debug;
		};
		408567401B9CDB7800733B9E /* Release */ = {
			isa = XCBuildConfiguration;
			buildSettings = {
				ALWAYS_SEARCH_USER_PATHS = YES;
				FRAMEWORK_SEARCH_PATHS = (
					"$(inherited)",
					"$(LOCAL_LIBRARY_DIR)/Frameworks",
				);
				HEADER_SEARCH_PATHS = (
					"$(inherited)",
					/Applications/Xcode.app/Contents/Developer/Toolchains/XcodeDefault.xctoolchain/usr/include,
					/usr/include/,
				);
				LIBRARY_SEARCH_PATHS = /usr/lib/;
				PRODUCT_NAME = "$(TARGET_NAME)";
			};
			name = Release;
		};
/* End XCBuildConfiguration section */

/* Begin XCConfigurationList section */
		408567321B9CDB7800733B9E /* Build configuration list for PBXProject "TMXLoader" */ = {
			isa = XCConfigurationList;
			buildConfigurations = (
				4085673C1B9CDB7800733B9E /* Debug */,
				4085673D1B9CDB7800733B9E /* Release */,
			);
			defaultConfigurationIsVisible = 0;
			defaultConfigurationName = Release;
		};
		4085673E1B9CDB7800733B9E /* Build configuration list for PBXNativeTarget "TMXLoader" */ = {
			isa = XCConfigurationList;
			buildConfigurations = (
				4085673F1B9CDB7800733B9E /* Debug */,
				408567401B9CDB7800733B9E /* Release */,
			);
			defaultConfigurationIsVisible = 0;
			defaultConfigurationName = Release;
		};
/* End XCConfigurationList section */
	};
	rootObject = 4085672F1B9CDB7800733B9E /* Project object */;
}
